
Microsoft Visual Studio Solution File, Format Version 12.00
# Visual Studio Version 17
VisualStudioVersion = 17.5.33530.505
MinimumVisualStudioVersion = 10.0.40219.1
Project("{FAE04EC0-301F-11D3-BF4B-00C04F79EFBC}") = "Notifloud-manager", "Notifloud-manager\Notifloud-manager.csproj", "{0873F570-CB0C-4869-BC06-3D77FD9D95E8}"
EndProject
Global
	GlobalSection(SolutionConfigurationPlatforms) = preSolution
		Debug|Any CPU = Debug|Any CPU
		Release|Any CPU = Release|Any CPU
	EndGlobalSection
	GlobalSection(ProjectConfigurationPlatforms) = postSolution
		{0873F570-CB0C-4869-BC06-3D77FD9D95E8}.Debug|Any CPU.ActiveCfg = Debug|Any CPU
		{0873F570-CB0C-4869-BC06-3D77FD9D95E8}.Debug|Any CPU.Build.0 = Debug|Any CPU
		{0873F570-CB0C-4869-BC06-3D77FD9D95E8}.Release|Any CPU.ActiveCfg = Release|Any CPU
		{0873F570-CB0C-4869-BC06-3D77FD9D95E8}.Release|Any CPU.Build.0 = Release|Any CPU
	EndGlobalSection
	GlobalSection(SolutionProperties) = preSolution
		HideSolutionNode = FALSE
	EndGlobalSection
	GlobalSection(ExtensibilityGlobals) = postSolution
		SolutionGuid = {DEA4606A-35A9-4067-9502-DB097ACE7037}
	EndGlobalSection
EndGlobal
